
Microsoft Visual Studio Solution File, Format Version 12.00
# Visual Studio Version 17
VisualStudioVersion = 17.11.35222.181
MinimumVisualStudioVersion = 10.0.40219.1
Project("{FAE04EC0-301F-11D3-BF4B-00C04F79EFBC}") = "BulkInsert.ClassLibrary", "BulkInsert.ClassLibrary\BulkInsert.ClassLibrary.csproj", "{6BE7451B-226F-47FF-B994-1CFB755231AB}"
EndProject
Project("{FAE04EC0-301F-11D3-BF4B-00C04F79EFBC}") = "BulkInsert.Test", "BulkInsert.Test\BulkInsert.Test.csproj", "{C1F38EAC-0E0A-446F-957D-CA64FFCC7472}"
EndProject
Global
	GlobalSection(SolutionConfigurationPlatforms) = preSolution
		Debug|Any CPU = Debug|Any CPU
		Release|Any CPU = Release|Any CPU
	EndGlobalSection
	GlobalSection(ProjectConfigurationPlatforms) = postSolution
		{6BE7451B-226F-47FF-B994-1CFB755231AB}.Debug|Any CPU.ActiveCfg = Debug|Any CPU
		{6BE7451B-226F-47FF-B994-1CFB755231AB}.Debug|Any CPU.Build.0 = Debug|Any CPU
		{6BE7451B-226F-47FF-B994-1CFB755231AB}.Release|Any CPU.ActiveCfg = Release|Any CPU
		{6BE7451B-226F-47FF-B994-1CFB755231AB}.Release|Any CPU.Build.0 = Release|Any CPU
		{C1F38EAC-0E0A-446F-957D-CA64FFCC7472}.Debug|Any CPU.ActiveCfg = Debug|Any CPU
		{C1F38EAC-0E0A-446F-957D-CA64FFCC7472}.Debug|Any CPU.Build.0 = Debug|Any CPU
		{C1F38EAC-0E0A-446F-957D-CA64FFCC7472}.Release|Any CPU.ActiveCfg = Release|Any CPU
		{C1F38EAC-0E0A-446F-957D-CA64FFCC7472}.Release|Any CPU.Build.0 = Release|Any CPU
	EndGlobalSection
	GlobalSection(SolutionProperties) = preSolution
		HideSolutionNode = FALSE
	EndGlobalSection
	GlobalSection(ExtensibilityGlobals) = postSolution
		SolutionGuid = {77537212-DBB2-49E0-82DA-784261EDA8AF}
	EndGlobalSection
EndGlobal
